
Microsoft Visual Studio Solution File, Format Version 12.00
# Visual Studio 14
VisualStudioVersion = 14.0.25123.0
MinimumVisualStudioVersion = 10.0.40219.1
Project("{FAE04EC0-301F-11D3-BF4B-00C04F79EFBC}") = "Tedu.Common", "Tedu.Common\Tedu.Common.csproj", "{0EDB3600-C68A-49A3-8E21-2111480A2E8C}"
EndProject
Project("{FAE04EC0-301F-11D3-BF4B-00C04F79EFBC}") = "TeduShop.Model", "TeduShop.Model\TeduShop.Model.csproj", "{81012699-F374-417B-8134-61D3E538B52A}"
EndProject
Project("{FAE04EC0-301F-11D3-BF4B-00C04F79EFBC}") = "TedShop.Data", "TedShop.Data\TedShop.Data.csproj", "{B3FB914D-F151-43F3-82C7-0606CF0E54D4}"
EndProject
Project("{FAE04EC0-301F-11D3-BF4B-00C04F79EFBC}") = "TeduShop.Service", "TeduShop.Service\TeduShop.Service.csproj", "{C033507F-3145-4B35-AC76-5EA5F8AF2551}"
EndProject
Project("{FAE04EC0-301F-11D3-BF4B-00C04F79EFBC}") = "TeduShop.UnitTest", "TeduShop.UnitTest\TeduShop.UnitTest.csproj", "{84DC2868-36E5-48AF-B4E9-3561E0D67258}"
EndProject
Project("{FAE04EC0-301F-11D3-BF4B-00C04F79EFBC}") = "TeduShop.Web", "TeduShop.Web\TeduShop.Web.csproj", "{50EA6221-3EE5-46AA-B0A8-FC939AD7AF5B}"
EndProject
Global
	GlobalSection(SolutionConfigurationPlatforms) = preSolution
		Debug|Any CPU = Debug|Any CPU
		Release|Any CPU = Release|Any CPU
	EndGlobalSection
	GlobalSection(ProjectConfigurationPlatforms) = postSolution
		{0EDB3600-C68A-49A3-8E21-2111480A2E8C}.Debug|Any CPU.ActiveCfg = Debug|Any CPU
		{0EDB3600-C68A-49A3-8E21-2111480A2E8C}.Debug|Any CPU.Build.0 = Debug|Any CPU
		{0EDB3600-C68A-49A3-8E21-2111480A2E8C}.Release|Any CPU.ActiveCfg = Release|Any CPU
		{0EDB3600-C68A-49A3-8E21-2111480A2E8C}.Release|Any CPU.Build.0 = Release|Any CPU
		{81012699-F374-417B-8134-61D3E538B52A}.Debug|Any CPU.ActiveCfg = Debug|Any CPU
		{81012699-F374-417B-8134-61D3E538B52A}.Debug|Any CPU.Build.0 = Debug|Any CPU
		{81012699-F374-417B-8134-61D3E538B52A}.Release|Any CPU.ActiveCfg = Release|Any CPU
		{81012699-F374-417B-8134-61D3E538B52A}.Release|Any CPU.Build.0 = Release|Any CPU
		{B3FB914D-F151-43F3-82C7-0606CF0E54D4}.Debug|Any CPU.ActiveCfg = Debug|Any CPU
		{B3FB914D-F151-43F3-82C7-0606CF0E54D4}.Debug|Any CPU.Build.0 = Debug|Any CPU
		{B3FB914D-F151-43F3-82C7-0606CF0E54D4}.Release|Any CPU.ActiveCfg = Release|Any CPU
		{B3FB914D-F151-43F3-82C7-0606CF0E54D4}.Release|Any CPU.Build.0 = Release|Any CPU
		{C033507F-3145-4B35-AC76-5EA5F8AF2551}.Debug|Any CPU.ActiveCfg = Debug|Any CPU
		{C033507F-3145-4B35-AC76-5EA5F8AF2551}.Debug|Any CPU.Build.0 = Debug|Any CPU
		{C033507F-3145-4B35-AC76-5EA5F8AF2551}.Release|Any CPU.ActiveCfg = Release|Any CPU
		{C033507F-3145-4B35-AC76-5EA5F8AF2551}.Release|Any CPU.Build.0 = Release|Any CPU
		{84DC2868-36E5-48AF-B4E9-3561E0D67258}.Debug|Any CPU.ActiveCfg = Debug|Any CPU
		{84DC2868-36E5-48AF-B4E9-3561E0D67258}.Debug|Any CPU.Build.0 = Debug|Any CPU
		{84DC2868-36E5-48AF-B4E9-3561E0D67258}.Release|Any CPU.ActiveCfg = Release|Any CPU
		{84DC2868-36E5-48AF-B4E9-3561E0D67258}.Release|Any CPU.Build.0 = Release|Any CPU
		{50EA6221-3EE5-46AA-B0A8-FC939AD7AF5B}.Debug|Any CPU.ActiveCfg = Debug|Any CPU
		{50EA6221-3EE5-46AA-B0A8-FC939AD7AF5B}.Debug|Any CPU.Build.0 = Debug|Any CPU
		{50EA6221-3EE5-46AA-B0A8-FC939AD7AF5B}.Release|Any CPU.ActiveCfg = Release|Any CPU
		{50EA6221-3EE5-46AA-B0A8-FC939AD7AF5B}.Release|Any CPU.Build.0 = Release|Any CPU
	EndGlobalSection
	GlobalSection(SolutionProperties) = preSolution
		HideSolutionNode = FALSE
	EndGlobalSection
EndGlobal
